{
  "name": "server",
  "lockfileVersion": 2,
  "requires": true,
  "packages": {
    "": {
      "dependencies": {
        "@hathora/server-sdk": "^0.5.1",
        "dotenv": "^16.0.3"
      },
      "devDependencies": {
        "@types/node": "^18.11.9"
      }
    },
    "node_modules/@hathora/server-sdk": {
      "version": "0.5.1",
      "resolved": "https://registry.npmjs.org/@hathora/server-sdk/-/server-sdk-0.5.1.tgz",
      "integrity": "sha512-RCrxRV60v0as/W3DrRmkBl6Gcrjl2Age+LgxKuGrRDm7GOgeaS52Jfjpo3amWixHKLq1FFBUL8ZW134+9rfeoA==",
      "dependencies": {
        "bin-serde": "^1.2.0",
        "uuid": "^8.3.2"
      }
    },
    "node_modules/@types/node": {
      "version": "18.11.14",
      "resolved": "https://registry.npmjs.org/@types/node/-/node-18.11.14.tgz",
      "integrity": "sha512-0KXV57tENYmmJMl+FekeW9V3O/rlcqGQQJ/hNh9r8pKIj304pskWuEd8fCyNT86g/TpO0gcOTiLzsHLEURFMIQ==",
      "dev": true
    },
    "node_modules/bin-serde": {
      "version": "1.2.2",
      "resolved": "https://registry.npmjs.org/bin-serde/-/bin-serde-1.2.2.tgz",
      "integrity": "sha512-s/eULz3DFLwY9YoxBlxuzv1Zph/Vok9sq5eieJPZ/OvhT8KCGXP5i1fFfl4ABkHG8j72wi/H3Mziwz4qA2Myyw==",
      "dependencies": {
        "utf8-buffer-size": "^0.0.4"
      }
    },
    "node_modules/dotenv": {
      "version": "16.0.3",
      "resolved": "https://registry.npmjs.org/dotenv/-/dotenv-16.0.3.tgz",
      "integrity": "sha512-7GO6HghkA5fYG9TYnNxi14/7K9f5occMlp3zXAuSxn7CKCxt9xbNWG7yF8hTCSUchlfWSe3uLmlPfigevRItzQ==",
      "engines": {
        "node": ">=12"
      }
    },
    "node_modules/utf8-buffer-size": {
      "version": "0.0.4",
      "resolved": "https://registry.npmjs.org/utf8-buffer-size/-/utf8-buffer-size-0.0.4.tgz",
      "integrity": "sha512-mYYOtZvK3WmxPk9YhQjnkBluLK7y8vkIwgyEU+teoVwrJ+lpR/QapjsNFP30aiAcV4+fd9YvXCR49AxINCwbOg==",
      "engines": {
        "node": ">=8"
      }
    },
    "node_modules/uuid": {
      "version": "8.3.2",
      "resolved": "https://registry.npmjs.org/uuid/-/uuid-8.3.2.tgz",
      "integrity": "sha512-+NYs2QeMWy+GWFOEm9xnn6HCDp0l7QBD7ml8zLUmJ+93Q5NF0NocErnwkTkXVFNiX3/fpC6afS8Dhb/gz7R7eg==",
      "bin": {
        "uuid": "dist/bin/uuid"
      }
    }
  },
  "dependencies": {
    "@hathora/server-sdk": {
      "version": "0.5.1",
      "resolved": "https://registry.npmjs.org/@hathora/server-sdk/-/server-sdk-0.5.1.tgz",
      "integrity": "sha512-RCrxRV60v0as/W3DrRmkBl6Gcrjl2Age+LgxKuGrRDm7GOgeaS52Jfjpo3amWixHKLq1FFBUL8ZW134+9rfeoA==",
      "requires": {
        "bin-serde": "^1.2.0",
        "uuid": "^8.3.2"
      }
    },
    "@types/node": {
      "version": "18.11.14",
      "resolved": "https://registry.npmjs.org/@types/node/-/node-18.11.14.tgz",
      "integrity": "sha512-0KXV57tENYmmJMl+FekeW9V3O/rlcqGQQJ/hNh9r8pKIj304pskWuEd8fCyNT86g/TpO0gcOTiLzsHLEURFMIQ==",
      "dev": true
    },
    "bin-serde": {
      "version": "1.2.2",
      "resolved": "https://registry.npmjs.org/bin-serde/-/bin-serde-1.2.2.tgz",
      "integrity": "sha512-s/eULz3DFLwY9YoxBlxuzv1Zph/Vok9sq5eieJPZ/OvhT8KCGXP5i1fFfl4ABkHG8j72wi/H3Mziwz4qA2Myyw==",
      "requires": {
        "utf8-buffer-size": "^0.0.4"
      }
    },
    "dotenv": {
      "version": "16.0.3",
      "resolved": "https://registry.npmjs.org/dotenv/-/dotenv-16.0.3.tgz",
      "integrity": "sha512-7GO6HghkA5fYG9TYnNxi14/7K9f5occMlp3zXAuSxn7CKCxt9xbNWG7yF8hTCSUchlfWSe3uLmlPfigevRItzQ=="
    },
    "utf8-buffer-size": {
      "version": "0.0.4",
      "resolved": "https://registry.npmjs.org/utf8-buffer-size/-/utf8-buffer-size-0.0.4.tgz",
      "integrity": "sha512-mYYOtZvK3WmxPk9YhQjnkBluLK7y8vkIwgyEU+teoVwrJ+lpR/QapjsNFP30aiAcV4+fd9YvXCR49AxINCwbOg=="
    },
    "uuid": {
      "version": "8.3.2",
      "resolved": "https://registry.npmjs.org/uuid/-/uuid-8.3.2.tgz",
      "integrity": "sha512-+NYs2QeMWy+GWFOEm9xnn6HCDp0l7QBD7ml8zLUmJ+93Q5NF0NocErnwkTkXVFNiX3/fpC6afS8Dhb/gz7R7eg=="
    }
  }
}
